{
  "nodes": {
    "evident-instance": {
      "inputs": {
        "nixpkgs": [
          "nixpkgs"
        ],
        "rust-overlay": "rust-overlay"
      },
      "locked": {
        "dir": "instance",
        "lastModified": 1777499012,
        "narHash": "sha256-fHqhwpcLhpECEjGNd61jZDLzHBZs/j8sYGXdzTaVyAE=",
        "owner": "dpss-inesc-id",
        "repo": "achilles-cvm",
        "rev": "9309b7507f8b0c6714fa70095c836ba2974706fd",
        "type": "gitlab"
      },
      "original": {
        "dir": "instance",
        "owner": "dpss-inesc-id",
        "ref": "dev",
        "repo": "achilles-cvm",
        "type": "gitlab"
      }
    },
    "flake-parts": {
      "inputs": {
        "nixpkgs-lib": "nixpkgs-lib"
      },
      "locked": {
        "lastModified": 1775087534,
        "narHash": "sha256-91qqW8lhL7TLwgQWijoGBbiD4t7/q75KTi8NxjVmSmA=",
        "owner": "hercules-ci",
        "repo": "flake-parts",
        "rev": "3107b77cd68437b9a76194f0f7f9c55f2329ca5b",
        "type": "github"
      },
      "original": {
        "owner": "hercules-ci",
        "repo": "flake-parts",
        "type": "github"
      }
    },
    "nixpkgs": {
      "locked": {
        "lastModified": 1774655971,
        "narHash": "sha256-Tu4tiUsk7FP6bPpG4jG1bXhij3UUo67sTU5q0q0TJi4=",
        "owner": "nixos",
        "repo": "nixpkgs",
        "rev": "3821d95df71b4b273ddda99a69d1639da86f25b6",
        "type": "github"
      },
      "original": {
        "owner": "nixos",
        "ref": "3821d95df71b4b273ddda99a69d1639da86f25b6",
        "repo": "nixpkgs",
        "type": "github"
      }
    },
    "nixpkgs-lib": {
      "locked": {
        "lastModified": 1774748309,
        "narHash": "sha256-+U7gF3qxzwD5TZuANzZPeJTZRHS29OFQgkQ2kiTJBIQ=",
        "owner": "nix-community",
        "repo": "nixpkgs.lib",
        "rev": "333c4e0545a6da976206c74db8773a1645b5870a",
        "type": "github"
      },
      "original": {
        "owner": "nix-community",
        "repo": "nixpkgs.lib",
        "type": "github"
      }
    },
    "root": {
      "inputs": {
        "evident-instance": "evident-instance",
        "flake-parts": "flake-parts",
        "nixpkgs": "nixpkgs"
      }
    },
    "rust-overlay": {
      "inputs": {
        "nixpkgs": [
          "evident-instance",
          "nixpkgs"
        ]
      },
      "locked": {
        "lastModified": 1773716879,
        "narHash": "sha256-vXCTasEzzTTd0ZGEuyle20H2hjRom66JeNr7i2ktHD0=",
        "owner": "oxalica",
        "repo": "rust-overlay",
        "rev": "1a9ddeb45c5751b800331363703641b84d1f41f0",
        "type": "github"
      },
      "original": {
        "owner": "oxalica",
        "repo": "rust-overlay",
        "type": "github"
      }
    }
  },
  "root": "root",
  "version": 7
}
